
Microsoft Visual Studio Solution File, Format Version 12.00
# Visual Studio Version 16
VisualStudioVersion = 16.0.31613.86
MinimumVisualStudioVersion = 10.0.40219.1
Project("{FAE04EC0-301F-11D3-BF4B-00C04F79EFBC}") = "LENTAL_STORE", "LENTAL_STORE\LENTAL_STORE.csproj", "{AC95D71D-92A6-4BDD-B55D-C7CEE49C8E6C}"
EndProject
Global
	GlobalSection(SolutionConfigurationPlatforms) = preSolution
		Debug|Any CPU = Debug|Any CPU
		Release|Any CPU = Release|Any CPU
	EndGlobalSection
	GlobalSection(ProjectConfigurationPlatforms) = postSolution
		{AC95D71D-92A6-4BDD-B55D-C7CEE49C8E6C}.Debug|Any CPU.ActiveCfg = Debug|Any CPU
		{AC95D71D-92A6-4BDD-B55D-C7CEE49C8E6C}.Debug|Any CPU.Build.0 = Debug|Any CPU
		{AC95D71D-92A6-4BDD-B55D-C7CEE49C8E6C}.Release|Any CPU.ActiveCfg = Release|Any CPU
		{AC95D71D-92A6-4BDD-B55D-C7CEE49C8E6C}.Release|Any CPU.Build.0 = Release|Any CPU
	EndGlobalSection
	GlobalSection(SolutionProperties) = preSolution
		HideSolutionNode = FALSE
	EndGlobalSection
	GlobalSection(ExtensibilityGlobals) = postSolution
		SolutionGuid = {58C6439D-93B4-4678-A68A-535E10C44419}
	EndGlobalSection
EndGlobal
